
Microsoft Visual Studio Solution File, Format Version 12.00
# Visual Studio Version 17
VisualStudioVersion = 17.7.34031.279
MinimumVisualStudioVersion = 10.0.40219.1
Project("{FAE04EC0-301F-11D3-BF4B-00C04F79EFBC}") = "Provlem", "Provlem.csproj", "{02BF4BB9-398E-4A14-B033-D6E702C8ADE1}"
EndProject
Global
	GlobalSection(SolutionConfigurationPlatforms) = preSolution
		Debug|Any CPU = Debug|Any CPU
		Release|Any CPU = Release|Any CPU
	EndGlobalSection
	GlobalSection(ProjectConfigurationPlatforms) = postSolution
		{02BF4BB9-398E-4A14-B033-D6E702C8ADE1}.Debug|Any CPU.ActiveCfg = Debug|Any CPU
		{02BF4BB9-398E-4A14-B033-D6E702C8ADE1}.Debug|Any CPU.Build.0 = Debug|Any CPU
		{02BF4BB9-398E-4A14-B033-D6E702C8ADE1}.Release|Any CPU.ActiveCfg = Release|Any CPU
		{02BF4BB9-398E-4A14-B033-D6E702C8ADE1}.Release|Any CPU.Build.0 = Release|Any CPU
	EndGlobalSection
	GlobalSection(SolutionProperties) = preSolution
		HideSolutionNode = FALSE
	EndGlobalSection
	GlobalSection(ExtensibilityGlobals) = postSolution
		SolutionGuid = {7E533D51-DA66-4132-96F3-7492F7CF8470}
	EndGlobalSection
EndGlobal
