
Microsoft Visual Studio Solution File, Format Version 12.00
# Visual Studio Version 17
VisualStudioVersion = 17.7.34031.279
MinimumVisualStudioVersion = 10.0.40219.1
Project("{FAE04EC0-301F-11D3-BF4B-00C04F79EFBC}") = "LambadFunction", "LambadFunction.csproj", "{3680011B-775D-42C9-B561-F07F4B760276}"
EndProject
Global
	GlobalSection(SolutionConfigurationPlatforms) = preSolution
		Debug|Any CPU = Debug|Any CPU
		Release|Any CPU = Release|Any CPU
	EndGlobalSection
	GlobalSection(ProjectConfigurationPlatforms) = postSolution
		{3680011B-775D-42C9-B561-F07F4B760276}.Debug|Any CPU.ActiveCfg = Debug|Any CPU
		{3680011B-775D-42C9-B561-F07F4B760276}.Debug|Any CPU.Build.0 = Debug|Any CPU
		{3680011B-775D-42C9-B561-F07F4B760276}.Release|Any CPU.ActiveCfg = Release|Any CPU
		{3680011B-775D-42C9-B561-F07F4B760276}.Release|Any CPU.Build.0 = Release|Any CPU
	EndGlobalSection
	GlobalSection(SolutionProperties) = preSolution
		HideSolutionNode = FALSE
	EndGlobalSection
	GlobalSection(ExtensibilityGlobals) = postSolution
		SolutionGuid = {B37AEE20-DC5F-424D-856A-01C7AF5C9479}
	EndGlobalSection
EndGlobal
