
Microsoft Visual Studio Solution File, Format Version 12.00
# Visual Studio Version 17
VisualStudioVersion = 17.7.34031.279
MinimumVisualStudioVersion = 10.0.40219.1
Project("{FAE04EC0-301F-11D3-BF4B-00C04F79EFBC}") = "Types_of_Inheritance", "Types_of_Inheritance.csproj", "{0A85FB0B-368C-485E-9421-ACA50AE4DCF2}"
EndProject
Global
	GlobalSection(SolutionConfigurationPlatforms) = preSolution
		Debug|Any CPU = Debug|Any CPU
		Release|Any CPU = Release|Any CPU
	EndGlobalSection
	GlobalSection(ProjectConfigurationPlatforms) = postSolution
		{0A85FB0B-368C-485E-9421-ACA50AE4DCF2}.Debug|Any CPU.ActiveCfg = Debug|Any CPU
		{0A85FB0B-368C-485E-9421-ACA50AE4DCF2}.Debug|Any CPU.Build.0 = Debug|Any CPU
		{0A85FB0B-368C-485E-9421-ACA50AE4DCF2}.Release|Any CPU.ActiveCfg = Release|Any CPU
		{0A85FB0B-368C-485E-9421-ACA50AE4DCF2}.Release|Any CPU.Build.0 = Release|Any CPU
	EndGlobalSection
	GlobalSection(SolutionProperties) = preSolution
		HideSolutionNode = FALSE
	EndGlobalSection
	GlobalSection(ExtensibilityGlobals) = postSolution
		SolutionGuid = {CFB9BCE8-F508-4618-BAE2-E0E435A7281A}
	EndGlobalSection
EndGlobal
