
Microsoft Visual Studio Solution File, Format Version 12.00
# Visual Studio Version 17
VisualStudioVersion = 17.7.34031.279
MinimumVisualStudioVersion = 10.0.40219.1
Project("{FAE04EC0-301F-11D3-BF4B-00C04F79EFBC}") = "DataType", "DataType.csproj", "{580284F1-CDF6-4047-806E-156B0ECB8843}"
EndProject
Global
	GlobalSection(SolutionConfigurationPlatforms) = preSolution
		Debug|Any CPU = Debug|Any CPU
		Release|Any CPU = Release|Any CPU
	EndGlobalSection
	GlobalSection(ProjectConfigurationPlatforms) = postSolution
		{580284F1-CDF6-4047-806E-156B0ECB8843}.Debug|Any CPU.ActiveCfg = Debug|Any CPU
		{580284F1-CDF6-4047-806E-156B0ECB8843}.Debug|Any CPU.Build.0 = Debug|Any CPU
		{580284F1-CDF6-4047-806E-156B0ECB8843}.Release|Any CPU.ActiveCfg = Release|Any CPU
		{580284F1-CDF6-4047-806E-156B0ECB8843}.Release|Any CPU.Build.0 = Release|Any CPU
	EndGlobalSection
	GlobalSection(SolutionProperties) = preSolution
		HideSolutionNode = FALSE
	EndGlobalSection
	GlobalSection(ExtensibilityGlobals) = postSolution
		SolutionGuid = {89BE08BC-3E94-45E0-A529-C09D8E5D93FB}
	EndGlobalSection
EndGlobal
